
Microsoft Visual Studio Solution File, Format Version 12.00
# Visual Studio Version 16
VisualStudioVersion = 16.0.31605.320
MinimumVisualStudioVersion = 10.0.40219.1
Project("{FAE04EC0-301F-11D3-BF4B-00C04F79EFBC}") = "MotionRecorder", "MotionRecorder\MotionRecorder.csproj", "{6F705912-FF49-457A-960C-DC8575304490}"
EndProject
Global
	GlobalSection(SolutionConfigurationPlatforms) = preSolution
		Debug|ARM = Debug|ARM
		Debug|x64 = Debug|x64
		Debug|x86 = Debug|x86
		Release|ARM = Release|ARM
		Release|x64 = Release|x64
		Release|x86 = Release|x86
	EndGlobalSection
	GlobalSection(ProjectConfigurationPlatforms) = postSolution
		{6F705912-FF49-457A-960C-DC8575304490}.Debug|ARM.ActiveCfg = Debug|ARM
		{6F705912-FF49-457A-960C-DC8575304490}.Debug|ARM.Build.0 = Debug|ARM
		{6F705912-FF49-457A-960C-DC8575304490}.Debug|ARM.Deploy.0 = Debug|ARM
		{6F705912-FF49-457A-960C-DC8575304490}.Debug|x64.ActiveCfg = Debug|x64
		{6F705912-FF49-457A-960C-DC8575304490}.Debug|x64.Build.0 = Debug|x64
		{6F705912-FF49-457A-960C-DC8575304490}.Debug|x64.Deploy.0 = Debug|x64
		{6F705912-FF49-457A-960C-DC8575304490}.Debug|x86.ActiveCfg = Debug|x86
		{6F705912-FF49-457A-960C-DC8575304490}.Debug|x86.Build.0 = Debug|x86
		{6F705912-FF49-457A-960C-DC8575304490}.Debug|x86.Deploy.0 = Debug|x86
		{6F705912-FF49-457A-960C-DC8575304490}.Release|ARM.ActiveCfg = Release|ARM
		{6F705912-FF49-457A-960C-DC8575304490}.Release|ARM.Build.0 = Release|ARM
		{6F705912-FF49-457A-960C-DC8575304490}.Release|ARM.Deploy.0 = Release|ARM
		{6F705912-FF49-457A-960C-DC8575304490}.Release|x64.ActiveCfg = Release|x64
		{6F705912-FF49-457A-960C-DC8575304490}.Release|x64.Build.0 = Release|x64
		{6F705912-FF49-457A-960C-DC8575304490}.Release|x64.Deploy.0 = Release|x64
		{6F705912-FF49-457A-960C-DC8575304490}.Release|x86.ActiveCfg = Release|x86
		{6F705912-FF49-457A-960C-DC8575304490}.Release|x86.Build.0 = Release|x86
		{6F705912-FF49-457A-960C-DC8575304490}.Release|x86.Deploy.0 = Release|x86
	EndGlobalSection
	GlobalSection(SolutionProperties) = preSolution
		HideSolutionNode = FALSE
	EndGlobalSection
	GlobalSection(ExtensibilityGlobals) = postSolution
		SolutionGuid = {9F408481-6BE9-4421-A30A-33F75C4E8D53}
	EndGlobalSection
EndGlobal
